
Microsoft Visual Studio Solution File, Format Version 12.00
# Visual Studio Version 17
VisualStudioVersion = 17.9.34723.18
MinimumVisualStudioVersion = 10.0.40219.1
Project("{FAE04EC0-301F-11D3-BF4B-00C04F79EFBC}") = "IdeaManagement", "IdeaManagement\IdeaManagement.csproj", "{6B0ABAFF-7599-4F59-8CC7-3086B5FEC427}"
EndProject
Global
	GlobalSection(SolutionConfigurationPlatforms) = preSolution
		Debug|Any CPU = Debug|Any CPU
		Release|Any CPU = Release|Any CPU
	EndGlobalSection
	GlobalSection(ProjectConfigurationPlatforms) = postSolution
		{6B0ABAFF-7599-4F59-8CC7-3086B5FEC427}.Debug|Any CPU.ActiveCfg = Debug|Any CPU
		{6B0ABAFF-7599-4F59-8CC7-3086B5FEC427}.Debug|Any CPU.Build.0 = Debug|Any CPU
		{6B0ABAFF-7599-4F59-8CC7-3086B5FEC427}.Release|Any CPU.ActiveCfg = Release|Any CPU
		{6B0ABAFF-7599-4F59-8CC7-3086B5FEC427}.Release|Any CPU.Build.0 = Release|Any CPU
	EndGlobalSection
	GlobalSection(SolutionProperties) = preSolution
		HideSolutionNode = FALSE
	EndGlobalSection
	GlobalSection(ExtensibilityGlobals) = postSolution
		SolutionGuid = {AFFB92ED-3BEC-4B9C-9AC8-EFC179F6E4B1}
	EndGlobalSection
EndGlobal
